
Microsoft Visual Studio Solution File, Format Version 12.00
# Visual Studio Version 16
VisualStudioVersion = 16.0.30014.187
MinimumVisualStudioVersion = 10.0.40219.1
Project("{8BC9CEB8-8B4A-11D0-8D11-00A0C91BC942}") = "SPiCall", "SPiCall\SPiCall.vcxproj", "{284C456A-A14A-4CB0-A101-CA80BA50D872}"
EndProject
Global
	GlobalSection(SolutionConfigurationPlatforms) = preSolution
		Debug|x64 = Debug|x64
		Release|x64 = Release|x64
	EndGlobalSection
	GlobalSection(ProjectConfigurationPlatforms) = postSolution
		{284C456A-A14A-4CB0-A101-CA80BA50D872}.Debug|x64.ActiveCfg = Debug|x64
		{284C456A-A14A-4CB0-A101-CA80BA50D872}.Debug|x64.Build.0 = Debug|x64
		{284C456A-A14A-4CB0-A101-CA80BA50D872}.Release|x64.ActiveCfg = Release|x64
		{284C456A-A14A-4CB0-A101-CA80BA50D872}.Release|x64.Build.0 = Release|x64
	EndGlobalSection
	GlobalSection(SolutionProperties) = preSolution
		HideSolutionNode = FALSE
	EndGlobalSection
	GlobalSection(ExtensibilityGlobals) = postSolution
		SolutionGuid = {8BE6D35E-C245-4B08-918F-445D1E49F7B7}
	EndGlobalSection
EndGlobal
